{
  "name": "dropdown-basis",
  "version": "0.0.1",
  "lockfileVersion": 1,
  "requires": true,
  "dependencies": {
    "overlay-basis": {
      "version": "0.2.0",
      "resolved": "https://registry.npmjs.org/overlay-basis/-/overlay-basis-0.2.0.tgz",
      "integrity": "sha512-LhnXVori4K6dYXpmHSmsDpUyIIBEU1j6Bxc7kDxh8l5K1LLSQA7qfz5rFsRp1h4XdnMnhzuE6U9ROzbWo3Y8uA=="
    }
  }
}
